
Microsoft Visual Studio Solution File, Format Version 12.00
# Visual Studio 15
Project("{FAE04EC0-301F-11D3-BF4B-00C04F79EFBC}") = "Project SoftUni 2018 2.0", "Assembly-CSharp.csproj", "{7C697CD6-AFF8-453D-6743-ECA8CAE17CC1}"
EndProject
Project("{FAE04EC0-301F-11D3-BF4B-00C04F79EFBC}") = "Project SoftUni 2018 2.0", "Assembly-CSharp-firstpass.csproj", "{80A181F3-29BC-795B-262A-2E49C1F83FE5}"
EndProject
Project("{FAE04EC0-301F-11D3-BF4B-00C04F79EFBC}") = "Project SoftUni 2018 2.0", "Assembly-CSharp-Editor.csproj", "{11D14E95-CF74-8EA4-FB20-8117A1075107}"
EndProject
Global
	GlobalSection(SolutionConfigurationPlatforms) = preSolution
		Debug|Any CPU = Debug|Any CPU
		Release|Any CPU = Release|Any CPU
	EndGlobalSection
	GlobalSection(ProjectConfigurationPlatforms) = postSolution
		{7C697CD6-AFF8-453D-6743-ECA8CAE17CC1}.Debug|Any CPU.ActiveCfg = Debug|Any CPU
		{7C697CD6-AFF8-453D-6743-ECA8CAE17CC1}.Debug|Any CPU.Build.0 = Debug|Any CPU
		{7C697CD6-AFF8-453D-6743-ECA8CAE17CC1}.Release|Any CPU.ActiveCfg = Release|Any CPU
		{7C697CD6-AFF8-453D-6743-ECA8CAE17CC1}.Release|Any CPU.Build.0 = Release|Any CPU
		{80A181F3-29BC-795B-262A-2E49C1F83FE5}.Debug|Any CPU.ActiveCfg = Debug|Any CPU
		{80A181F3-29BC-795B-262A-2E49C1F83FE5}.Debug|Any CPU.Build.0 = Debug|Any CPU
		{80A181F3-29BC-795B-262A-2E49C1F83FE5}.Release|Any CPU.ActiveCfg = Release|Any CPU
		{80A181F3-29BC-795B-262A-2E49C1F83FE5}.Release|Any CPU.Build.0 = Release|Any CPU
		{11D14E95-CF74-8EA4-FB20-8117A1075107}.Debug|Any CPU.ActiveCfg = Debug|Any CPU
		{11D14E95-CF74-8EA4-FB20-8117A1075107}.Debug|Any CPU.Build.0 = Debug|Any CPU
		{11D14E95-CF74-8EA4-FB20-8117A1075107}.Release|Any CPU.ActiveCfg = Release|Any CPU
		{11D14E95-CF74-8EA4-FB20-8117A1075107}.Release|Any CPU.Build.0 = Release|Any CPU
	EndGlobalSection
	GlobalSection(SolutionProperties) = preSolution
		HideSolutionNode = FALSE
	EndGlobalSection
EndGlobal
