
Microsoft Visual Studio Solution File, Format Version 12.00
# Visual Studio 15
Project("{FAE04EC0-301F-11D3-BF4B-00C04F79EFBC}") = "Project SoftUni 2018", "Assembly-CSharp-firstpass.csproj", "{6B21734A-2A05-E580-EF2F-EFDFE7CF972A}"
EndProject
Project("{FAE04EC0-301F-11D3-BF4B-00C04F79EFBC}") = "Project SoftUni 2018", "Assembly-CSharp.csproj", "{1CE502A7-B203-3818-5EE8-732681D5ED4A}"
EndProject
Project("{FAE04EC0-301F-11D3-BF4B-00C04F79EFBC}") = "Project SoftUni 2018", "Assembly-CSharp-Editor-firstpass.csproj", "{62357F50-D5D7-B7EE-6382-AFBD33093AE2}"
EndProject
Project("{FAE04EC0-301F-11D3-BF4B-00C04F79EFBC}") = "Project SoftUni 2018", "Assembly-CSharp-Editor.csproj", "{8E60E7DB-FDF5-089F-6399-0466062453FD}"
EndProject
Global
	GlobalSection(SolutionConfigurationPlatforms) = preSolution
		Debug|Any CPU = Debug|Any CPU
		Release|Any CPU = Release|Any CPU
	EndGlobalSection
	GlobalSection(ProjectConfigurationPlatforms) = postSolution
		{6B21734A-2A05-E580-EF2F-EFDFE7CF972A}.Debug|Any CPU.ActiveCfg = Debug|Any CPU
		{6B21734A-2A05-E580-EF2F-EFDFE7CF972A}.Debug|Any CPU.Build.0 = Debug|Any CPU
		{6B21734A-2A05-E580-EF2F-EFDFE7CF972A}.Release|Any CPU.ActiveCfg = Release|Any CPU
		{6B21734A-2A05-E580-EF2F-EFDFE7CF972A}.Release|Any CPU.Build.0 = Release|Any CPU
		{1CE502A7-B203-3818-5EE8-732681D5ED4A}.Debug|Any CPU.ActiveCfg = Debug|Any CPU
		{1CE502A7-B203-3818-5EE8-732681D5ED4A}.Debug|Any CPU.Build.0 = Debug|Any CPU
		{1CE502A7-B203-3818-5EE8-732681D5ED4A}.Release|Any CPU.ActiveCfg = Release|Any CPU
		{1CE502A7-B203-3818-5EE8-732681D5ED4A}.Release|Any CPU.Build.0 = Release|Any CPU
		{62357F50-D5D7-B7EE-6382-AFBD33093AE2}.Debug|Any CPU.ActiveCfg = Debug|Any CPU
		{62357F50-D5D7-B7EE-6382-AFBD33093AE2}.Debug|Any CPU.Build.0 = Debug|Any CPU
		{62357F50-D5D7-B7EE-6382-AFBD33093AE2}.Release|Any CPU.ActiveCfg = Release|Any CPU
		{62357F50-D5D7-B7EE-6382-AFBD33093AE2}.Release|Any CPU.Build.0 = Release|Any CPU
		{8E60E7DB-FDF5-089F-6399-0466062453FD}.Debug|Any CPU.ActiveCfg = Debug|Any CPU
		{8E60E7DB-FDF5-089F-6399-0466062453FD}.Debug|Any CPU.Build.0 = Debug|Any CPU
		{8E60E7DB-FDF5-089F-6399-0466062453FD}.Release|Any CPU.ActiveCfg = Release|Any CPU
		{8E60E7DB-FDF5-089F-6399-0466062453FD}.Release|Any CPU.Build.0 = Release|Any CPU
	EndGlobalSection
	GlobalSection(SolutionProperties) = preSolution
		HideSolutionNode = FALSE
	EndGlobalSection
EndGlobal
